
Microsoft Visual Studio Solution File, Format Version 12.00
Project("{FAE04EC0-301F-11D3-BF4B-00C04F79EFBC}") = "OneClickEcho.Domain", "OneClickEcho.Domain\OneClickEcho.Domain.csproj", "{9ECC9495-3D82-4977-AC84-19AE9EC0543E}"
EndProject
Project("{FAE04EC0-301F-11D3-BF4B-00C04F79EFBC}") = "OneClickEcho.Application", "OneClickEcho.Application\OneClickEcho.Application.csproj", "{580F985F-101C-4BAE-AFE3-C78C5FB64496}"
EndProject
Project("{FAE04EC0-301F-11D3-BF4B-00C04F79EFBC}") = "OneClickEcho.Api", "OneClickEcho.Api\OneClickEcho.Api.csproj", "{85F5590C-61B3-4DBB-A158-36E8FDF26B58}"
EndProject
Project("{FAE04EC0-301F-11D3-BF4B-00C04F79EFBC}") = "OneClickEcho.Infrastructure", "OneClickEcho.Infrastructure\OneClickEcho.Infrastructure.csproj", "{25558FD9-CFAB-4F89-B548-DBB03465260E}"
EndProject
Project("{FAE04EC0-301F-11D3-BF4B-00C04F79EFBC}") = "OneClickEcho.Dashboard", "OneClickEcho.Dashboard\OneClickEcho.Dashboard.csproj", "{CC1FE3A3-FCE3-4F94-BBE3-6C45FFF01ADE}"
EndProject
Project("{FAE04EC0-301F-11D3-BF4B-00C04F79EFBC}") = "OneClickEcho.Persistence", "OneClickEcho.Persistence\OneClickEcho.Persistence.csproj", "{8EDF6E62-3CF1-4838-B429-075E6C00934B}"
EndProject
Project("{FAE04EC0-301F-11D3-BF4B-00C04F79EFBC}") = "OneClickEcho.Seeder", "OneClickEcho.Seeder\OneClickEcho.Seeder.csproj", "{D5D576DD-1A56-4123-8AC8-6C7C3384A75A}"
EndProject
Project("{FAE04EC0-301F-11D3-BF4B-00C04F79EFBC}") = "OneClickEcho.Persistence.Tests", "OneClickEcho.Persistence.Tests\OneClickEcho.Persistence.Tests.csproj", "{04C73629-11FD-44F6-BAC7-C3045B5695D6}"
EndProject
Global
	GlobalSection(SolutionConfigurationPlatforms) = preSolution
		Debug|Any CPU = Debug|Any CPU
		Debug|x64 = Debug|x64
		Debug|x86 = Debug|x86
		Release|Any CPU = Release|Any CPU
		Release|x64 = Release|x64
		Release|x86 = Release|x86
	EndGlobalSection
	GlobalSection(ProjectConfigurationPlatforms) = postSolution
		{9ECC9495-3D82-4977-AC84-19AE9EC0543E}.Debug|Any CPU.ActiveCfg = Debug|Any CPU
		{9ECC9495-3D82-4977-AC84-19AE9EC0543E}.Debug|Any CPU.Build.0 = Debug|Any CPU
		{9ECC9495-3D82-4977-AC84-19AE9EC0543E}.Debug|x64.ActiveCfg = Debug|Any CPU
		{9ECC9495-3D82-4977-AC84-19AE9EC0543E}.Debug|x64.Build.0 = Debug|Any CPU
		{9ECC9495-3D82-4977-AC84-19AE9EC0543E}.Debug|x86.ActiveCfg = Debug|Any CPU
		{9ECC9495-3D82-4977-AC84-19AE9EC0543E}.Debug|x86.Build.0 = Debug|Any CPU
		{9ECC9495-3D82-4977-AC84-19AE9EC0543E}.Release|Any CPU.ActiveCfg = Release|Any CPU
		{9ECC9495-3D82-4977-AC84-19AE9EC0543E}.Release|Any CPU.Build.0 = Release|Any CPU
		{9ECC9495-3D82-4977-AC84-19AE9EC0543E}.Release|x64.ActiveCfg = Release|Any CPU
		{9ECC9495-3D82-4977-AC84-19AE9EC0543E}.Release|x64.Build.0 = Release|Any CPU
		{9ECC9495-3D82-4977-AC84-19AE9EC0543E}.Release|x86.ActiveCfg = Release|Any CPU
		{9ECC9495-3D82-4977-AC84-19AE9EC0543E}.Release|x86.Build.0 = Release|Any CPU
		{580F985F-101C-4BAE-AFE3-C78C5FB64496}.Debug|Any CPU.ActiveCfg = Debug|Any CPU
		{580F985F-101C-4BAE-AFE3-C78C5FB64496}.Debug|Any CPU.Build.0 = Debug|Any CPU
		{580F985F-101C-4BAE-AFE3-C78C5FB64496}.Debug|x64.ActiveCfg = Debug|Any CPU
		{580F985F-101C-4BAE-AFE3-C78C5FB64496}.Debug|x64.Build.0 = Debug|Any CPU
		{580F985F-101C-4BAE-AFE3-C78C5FB64496}.Debug|x86.ActiveCfg = Debug|Any CPU
		{580F985F-101C-4BAE-AFE3-C78C5FB64496}.Debug|x86.Build.0 = Debug|Any CPU
		{580F985F-101C-4BAE-AFE3-C78C5FB64496}.Release|Any CPU.ActiveCfg = Release|Any CPU
		{580F985F-101C-4BAE-AFE3-C78C5FB64496}.Release|Any CPU.Build.0 = Release|Any CPU
		{580F985F-101C-4BAE-AFE3-C78C5FB64496}.Release|x64.ActiveCfg = Release|Any CPU
		{580F985F-101C-4BAE-AFE3-C78C5FB64496}.Release|x64.Build.0 = Release|Any CPU
		{580F985F-101C-4BAE-AFE3-C78C5FB64496}.Release|x86.ActiveCfg = Release|Any CPU
		{580F985F-101C-4BAE-AFE3-C78C5FB64496}.Release|x86.Build.0 = Release|Any CPU
		{85F5590C-61B3-4DBB-A158-36E8FDF26B58}.Debug|Any CPU.ActiveCfg = Debug|Any CPU
		{85F5590C-61B3-4DBB-A158-36E8FDF26B58}.Debug|Any CPU.Build.0 = Debug|Any CPU
		{85F5590C-61B3-4DBB-A158-36E8FDF26B58}.Debug|x64.ActiveCfg = Debug|Any CPU
		{85F5590C-61B3-4DBB-A158-36E8FDF26B58}.Debug|x64.Build.0 = Debug|Any CPU
		{85F5590C-61B3-4DBB-A158-36E8FDF26B58}.Debug|x86.ActiveCfg = Debug|Any CPU
		{85F5590C-61B3-4DBB-A158-36E8FDF26B58}.Debug|x86.Build.0 = Debug|Any CPU
		{85F5590C-61B3-4DBB-A158-36E8FDF26B58}.Release|Any CPU.ActiveCfg = Release|Any CPU
		{85F5590C-61B3-4DBB-A158-36E8FDF26B58}.Release|Any CPU.Build.0 = Release|Any CPU
		{85F5590C-61B3-4DBB-A158-36E8FDF26B58}.Release|x64.ActiveCfg = Release|Any CPU
		{85F5590C-61B3-4DBB-A158-36E8FDF26B58}.Release|x64.Build.0 = Release|Any CPU
		{85F5590C-61B3-4DBB-A158-36E8FDF26B58}.Release|x86.ActiveCfg = Release|Any CPU
		{85F5590C-61B3-4DBB-A158-36E8FDF26B58}.Release|x86.Build.0 = Release|Any CPU
		{25558FD9-CFAB-4F89-B548-DBB03465260E}.Debug|Any CPU.ActiveCfg = Debug|Any CPU
		{25558FD9-CFAB-4F89-B548-DBB03465260E}.Debug|Any CPU.Build.0 = Debug|Any CPU
		{25558FD9-CFAB-4F89-B548-DBB03465260E}.Debug|x64.ActiveCfg = Debug|Any CPU
		{25558FD9-CFAB-4F89-B548-DBB03465260E}.Debug|x64.Build.0 = Debug|Any CPU
		{25558FD9-CFAB-4F89-B548-DBB03465260E}.Debug|x86.ActiveCfg = Debug|Any CPU
		{25558FD9-CFAB-4F89-B548-DBB03465260E}.Debug|x86.Build.0 = Debug|Any CPU
		{25558FD9-CFAB-4F89-B548-DBB03465260E}.Release|Any CPU.ActiveCfg = Release|Any CPU
		{25558FD9-CFAB-4F89-B548-DBB03465260E}.Release|Any CPU.Build.0 = Release|Any CPU
		{25558FD9-CFAB-4F89-B548-DBB03465260E}.Release|x64.ActiveCfg = Release|Any CPU
		{25558FD9-CFAB-4F89-B548-DBB03465260E}.Release|x64.Build.0 = Release|Any CPU
		{25558FD9-CFAB-4F89-B548-DBB03465260E}.Release|x86.ActiveCfg = Release|Any CPU
		{25558FD9-CFAB-4F89-B548-DBB03465260E}.Release|x86.Build.0 = Release|Any CPU
		{CC1FE3A3-FCE3-4F94-BBE3-6C45FFF01ADE}.Debug|Any CPU.ActiveCfg = Debug|Any CPU
		{CC1FE3A3-FCE3-4F94-BBE3-6C45FFF01ADE}.Debug|Any CPU.Build.0 = Debug|Any CPU
		{CC1FE3A3-FCE3-4F94-BBE3-6C45FFF01ADE}.Debug|x64.ActiveCfg = Debug|Any CPU
		{CC1FE3A3-FCE3-4F94-BBE3-6C45FFF01ADE}.Debug|x64.Build.0 = Debug|Any CPU
		{CC1FE3A3-FCE3-4F94-BBE3-6C45FFF01ADE}.Debug|x86.ActiveCfg = Debug|Any CPU
		{CC1FE3A3-FCE3-4F94-BBE3-6C45FFF01ADE}.Debug|x86.Build.0 = Debug|Any CPU
		{CC1FE3A3-FCE3-4F94-BBE3-6C45FFF01ADE}.Release|Any CPU.ActiveCfg = Release|Any CPU
		{CC1FE3A3-FCE3-4F94-BBE3-6C45FFF01ADE}.Release|Any CPU.Build.0 = Release|Any CPU
		{CC1FE3A3-FCE3-4F94-BBE3-6C45FFF01ADE}.Release|x64.ActiveCfg = Release|Any CPU
		{CC1FE3A3-FCE3-4F94-BBE3-6C45FFF01ADE}.Release|x64.Build.0 = Release|Any CPU
		{CC1FE3A3-FCE3-4F94-BBE3-6C45FFF01ADE}.Release|x86.ActiveCfg = Release|Any CPU
		{CC1FE3A3-FCE3-4F94-BBE3-6C45FFF01ADE}.Release|x86.Build.0 = Release|Any CPU
		{8EDF6E62-3CF1-4838-B429-075E6C00934B}.Debug|Any CPU.ActiveCfg = Debug|Any CPU
		{8EDF6E62-3CF1-4838-B429-075E6C00934B}.Debug|Any CPU.Build.0 = Debug|Any CPU
		{8EDF6E62-3CF1-4838-B429-075E6C00934B}.Debug|x64.ActiveCfg = Debug|Any CPU
		{8EDF6E62-3CF1-4838-B429-075E6C00934B}.Debug|x64.Build.0 = Debug|Any CPU
		{8EDF6E62-3CF1-4838-B429-075E6C00934B}.Debug|x86.ActiveCfg = Debug|Any CPU
		{8EDF6E62-3CF1-4838-B429-075E6C00934B}.Debug|x86.Build.0 = Debug|Any CPU
		{8EDF6E62-3CF1-4838-B429-075E6C00934B}.Release|Any CPU.ActiveCfg = Release|Any CPU
		{8EDF6E62-3CF1-4838-B429-075E6C00934B}.Release|Any CPU.Build.0 = Release|Any CPU
		{8EDF6E62-3CF1-4838-B429-075E6C00934B}.Release|x64.ActiveCfg = Release|Any CPU
		{8EDF6E62-3CF1-4838-B429-075E6C00934B}.Release|x64.Build.0 = Release|Any CPU
		{8EDF6E62-3CF1-4838-B429-075E6C00934B}.Release|x86.ActiveCfg = Release|Any CPU
		{8EDF6E62-3CF1-4838-B429-075E6C00934B}.Release|x86.Build.0 = Release|Any CPU
		{D5D576DD-1A56-4123-8AC8-6C7C3384A75A}.Debug|Any CPU.ActiveCfg = Debug|Any CPU
		{D5D576DD-1A56-4123-8AC8-6C7C3384A75A}.Debug|Any CPU.Build.0 = Debug|Any CPU
		{D5D576DD-1A56-4123-8AC8-6C7C3384A75A}.Debug|x64.ActiveCfg = Debug|Any CPU
		{D5D576DD-1A56-4123-8AC8-6C7C3384A75A}.Debug|x64.Build.0 = Debug|Any CPU
		{D5D576DD-1A56-4123-8AC8-6C7C3384A75A}.Debug|x86.ActiveCfg = Debug|Any CPU
		{D5D576DD-1A56-4123-8AC8-6C7C3384A75A}.Debug|x86.Build.0 = Debug|Any CPU
		{D5D576DD-1A56-4123-8AC8-6C7C3384A75A}.Release|Any CPU.ActiveCfg = Release|Any CPU
		{D5D576DD-1A56-4123-8AC8-6C7C3384A75A}.Release|Any CPU.Build.0 = Release|Any CPU
		{D5D576DD-1A56-4123-8AC8-6C7C3384A75A}.Release|x64.ActiveCfg = Release|Any CPU
		{D5D576DD-1A56-4123-8AC8-6C7C3384A75A}.Release|x64.Build.0 = Release|Any CPU
		{D5D576DD-1A56-4123-8AC8-6C7C3384A75A}.Release|x86.ActiveCfg = Release|Any CPU
		{D5D576DD-1A56-4123-8AC8-6C7C3384A75A}.Release|x86.Build.0 = Release|Any CPU
		{04C73629-11FD-44F6-BAC7-C3045B5695D6}.Debug|Any CPU.ActiveCfg = Debug|Any CPU
		{04C73629-11FD-44F6-BAC7-C3045B5695D6}.Debug|Any CPU.Build.0 = Debug|Any CPU
		{04C73629-11FD-44F6-BAC7-C3045B5695D6}.Debug|x64.ActiveCfg = Debug|Any CPU
		{04C73629-11FD-44F6-BAC7-C3045B5695D6}.Debug|x64.Build.0 = Debug|Any CPU
		{04C73629-11FD-44F6-BAC7-C3045B5695D6}.Debug|x86.ActiveCfg = Debug|Any CPU
		{04C73629-11FD-44F6-BAC7-C3045B5695D6}.Debug|x86.Build.0 = Debug|Any CPU
		{04C73629-11FD-44F6-BAC7-C3045B5695D6}.Release|Any CPU.ActiveCfg = Release|Any CPU
		{04C73629-11FD-44F6-BAC7-C3045B5695D6}.Release|Any CPU.Build.0 = Release|Any CPU
		{04C73629-11FD-44F6-BAC7-C3045B5695D6}.Release|x64.ActiveCfg = Release|Any CPU
		{04C73629-11FD-44F6-BAC7-C3045B5695D6}.Release|x64.Build.0 = Release|Any CPU
		{04C73629-11FD-44F6-BAC7-C3045B5695D6}.Release|x86.ActiveCfg = Release|Any CPU
		{04C73629-11FD-44F6-BAC7-C3045B5695D6}.Release|x86.Build.0 = Release|Any CPU
	EndGlobalSection
	GlobalSection(SolutionProperties) = preSolution
		HideSolutionNode = FALSE
	EndGlobalSection
EndGlobal
